
Microsoft Visual Studio Solution File, Format Version 12.00
# Visual Studio Version 17
VisualStudioVersion = 17.3.32929.385
MinimumVisualStudioVersion = 10.0.40219.1
Project("{9A19103F-16F7-4668-BE54-9A1E7A4F7556}") = "AubilousTouch.Api", "AubilousTouch.Api\AubilousTouch.Api.csproj", "{D2DAA397-C2E9-40FF-8442-4A663BB88500}"
EndProject
Project("{9A19103F-16F7-4668-BE54-9A1E7A4F7556}") = "AubilousTouch.Intra", "AubilousTouch.Intra\AubilousTouch.Intra.csproj", "{698260F9-B6EF-4E02-96D0-68C379A7BFFF}"
EndProject
Project("{9A19103F-16F7-4668-BE54-9A1E7A4F7556}") = "AubilousTouch.Core", "AubilousTouch.Core\AubilousTouch.Core.csproj", "{8D8CB8D8-B213-439B-BF5B-7D4AD241EF9F}"
EndProject
Project("{9A19103F-16F7-4668-BE54-9A1E7A4F7556}") = "AubilousTouch.App", "AubilousTouch.App\AubilousTouch.App.csproj", "{C56F4474-3B01-4462-BBD0-844DB20CD5F9}"
EndProject
Project("{9A19103F-16F7-4668-BE54-9A1E7A4F7556}") = "AubilousTouch.Test", "AubilousTouch.Test\AubilousTouch.Test.csproj", "{113EBB09-DB65-4EA0-9926-88E5DA546129}"
EndProject
Project("{E24C65DC-7377-472B-9ABA-BC803B73C61A}") = "AubilousTouch.Portal", "AubilousTouch.Portal\", "{08EB5FE4-3B73-4ED5-810B-1FAD49C249A6}"
	ProjectSection(WebsiteProperties) = preProject
		TargetFrameworkMoniker = ".NETFramework,Version%3Dv4.8"
		Debug.AspNetCompiler.VirtualPath = "/localhost_58292"
		Debug.AspNetCompiler.PhysicalPath = "AubilousTouch.Portal\"
		Debug.AspNetCompiler.TargetPath = "PrecompiledWeb\localhost_58292\"
		Debug.AspNetCompiler.Updateable = "true"
		Debug.AspNetCompiler.ForceOverwrite = "true"
		Debug.AspNetCompiler.FixedNames = "false"
		Debug.AspNetCompiler.Debug = "True"
		Release.AspNetCompiler.VirtualPath = "/localhost_58292"
		Release.AspNetCompiler.PhysicalPath = "AubilousTouch.Portal\"
		Release.AspNetCompiler.TargetPath = "PrecompiledWeb\localhost_58292\"
		Release.AspNetCompiler.Updateable = "true"
		Release.AspNetCompiler.ForceOverwrite = "true"
		Release.AspNetCompiler.FixedNames = "false"
		Release.AspNetCompiler.Debug = "False"
		VWDPort = "58292"
		SlnRelativePath = "AubilousTouch.Portal\"
	EndProjectSection
EndProject
Global
	GlobalSection(SolutionConfigurationPlatforms) = preSolution
		Debug|Any CPU = Debug|Any CPU
		Release|Any CPU = Release|Any CPU
	EndGlobalSection
	GlobalSection(ProjectConfigurationPlatforms) = postSolution
		{D2DAA397-C2E9-40FF-8442-4A663BB88500}.Debug|Any CPU.ActiveCfg = Debug|Any CPU
		{D2DAA397-C2E9-40FF-8442-4A663BB88500}.Debug|Any CPU.Build.0 = Debug|Any CPU
		{D2DAA397-C2E9-40FF-8442-4A663BB88500}.Release|Any CPU.ActiveCfg = Release|Any CPU
		{D2DAA397-C2E9-40FF-8442-4A663BB88500}.Release|Any CPU.Build.0 = Release|Any CPU
		{698260F9-B6EF-4E02-96D0-68C379A7BFFF}.Debug|Any CPU.ActiveCfg = Debug|Any CPU
		{698260F9-B6EF-4E02-96D0-68C379A7BFFF}.Debug|Any CPU.Build.0 = Debug|Any CPU
		{698260F9-B6EF-4E02-96D0-68C379A7BFFF}.Release|Any CPU.ActiveCfg = Release|Any CPU
		{698260F9-B6EF-4E02-96D0-68C379A7BFFF}.Release|Any CPU.Build.0 = Release|Any CPU
		{8D8CB8D8-B213-439B-BF5B-7D4AD241EF9F}.Debug|Any CPU.ActiveCfg = Debug|Any CPU
		{8D8CB8D8-B213-439B-BF5B-7D4AD241EF9F}.Debug|Any CPU.Build.0 = Debug|Any CPU
		{8D8CB8D8-B213-439B-BF5B-7D4AD241EF9F}.Release|Any CPU.ActiveCfg = Release|Any CPU
		{8D8CB8D8-B213-439B-BF5B-7D4AD241EF9F}.Release|Any CPU.Build.0 = Release|Any CPU
		{C56F4474-3B01-4462-BBD0-844DB20CD5F9}.Debug|Any CPU.ActiveCfg = Debug|Any CPU
		{C56F4474-3B01-4462-BBD0-844DB20CD5F9}.Debug|Any CPU.Build.0 = Debug|Any CPU
		{C56F4474-3B01-4462-BBD0-844DB20CD5F9}.Release|Any CPU.ActiveCfg = Release|Any CPU
		{C56F4474-3B01-4462-BBD0-844DB20CD5F9}.Release|Any CPU.Build.0 = Release|Any CPU
		{113EBB09-DB65-4EA0-9926-88E5DA546129}.Debug|Any CPU.ActiveCfg = Debug|Any CPU
		{113EBB09-DB65-4EA0-9926-88E5DA546129}.Debug|Any CPU.Build.0 = Debug|Any CPU
		{113EBB09-DB65-4EA0-9926-88E5DA546129}.Release|Any CPU.ActiveCfg = Release|Any CPU
		{113EBB09-DB65-4EA0-9926-88E5DA546129}.Release|Any CPU.Build.0 = Release|Any CPU
		{08EB5FE4-3B73-4ED5-810B-1FAD49C249A6}.Debug|Any CPU.ActiveCfg = Debug|Any CPU
		{08EB5FE4-3B73-4ED5-810B-1FAD49C249A6}.Debug|Any CPU.Build.0 = Debug|Any CPU
		{08EB5FE4-3B73-4ED5-810B-1FAD49C249A6}.Release|Any CPU.ActiveCfg = Debug|Any CPU
		{08EB5FE4-3B73-4ED5-810B-1FAD49C249A6}.Release|Any CPU.Build.0 = Debug|Any CPU
	EndGlobalSection
	GlobalSection(SolutionProperties) = preSolution
		HideSolutionNode = FALSE
	EndGlobalSection
	GlobalSection(ExtensibilityGlobals) = postSolution
		SolutionGuid = {87E2361D-980E-4B56-A5E8-5978B6B46263}
	EndGlobalSection
EndGlobal
